
Microsoft Visual Studio Solution File, Format Version 12.00
# Visual Studio Version 17
VisualStudioVersion = 17.10.35004.147
MinimumVisualStudioVersion = 10.0.40219.1
Project("{9A19103F-16F7-4668-BE54-9A1E7A4F7556}") = "CustomERPSolution_Invoices_Currency", "CustomERPSolution_Invoices_Currency.csproj", "{8824DB8C-791B-48DC-97D0-8010462E929F}"
EndProject
Global
	GlobalSection(SolutionConfigurationPlatforms) = preSolution
		Debug|Any CPU = Debug|Any CPU
		Release|Any CPU = Release|Any CPU
	EndGlobalSection
	GlobalSection(ProjectConfigurationPlatforms) = postSolution
		{8824DB8C-791B-48DC-97D0-8010462E929F}.Debug|Any CPU.ActiveCfg = Debug|Any CPU
		{8824DB8C-791B-48DC-97D0-8010462E929F}.Debug|Any CPU.Build.0 = Debug|Any CPU
		{8824DB8C-791B-48DC-97D0-8010462E929F}.Release|Any CPU.ActiveCfg = Release|Any CPU
		{8824DB8C-791B-48DC-97D0-8010462E929F}.Release|Any CPU.Build.0 = Release|Any CPU
	EndGlobalSection
	GlobalSection(SolutionProperties) = preSolution
		HideSolutionNode = FALSE
	EndGlobalSection
	GlobalSection(ExtensibilityGlobals) = postSolution
		SolutionGuid = {FA6B049E-7983-4CC9-8A07-70C329E92EF7}
	EndGlobalSection
EndGlobal
